// !$*UTF8*$!
{
	archiveVersion = 1;
	classes = {
	};
	objectVersion = 45;
	objects = {

/* Begin PBXBuildFile section */
		1D60589B0D05DD56006BFB54 /* main.m in Sources */ = {isa = PBXBuildFile; fileRef = 29B97316FDCFA39411CA2CEA /* main.m */; };
		1D60589F0D05DD5A006BFB54 /* Foundation.framework in Frameworks */ = {isa = PBXBuildFile; fileRef = 1D30AB110D05D00D00671497 /* Foundation.framework */; };
		1DF5F4E00D08C38300B7A737 /* UIKit.framework in Frameworks */ = {isa = PBXBuildFile; fileRef = 1DF5F4DF0D08C38300B7A737 /* UIKit.framework */; };
		288765FD0DF74451002DB57D /* CoreGraphics.framework in Frameworks */ = {isa = PBXBuildFile; fileRef = 288765FC0DF74451002DB57D /* CoreGraphics.framework */; };
		28AD733F0D9D9553002E5188 /* MainWindow.xib in Resources */ = {isa = PBXBuildFile; fileRef = 28AD733E0D9D9553002E5188 /* MainWindow.xib */; };
		C503C3911121F02E003A7820 /* left-arrow.png in Resources */ = {isa = PBXBuildFile; fileRef = C503C38F1121F02E003A7820 /* left-arrow.png */; };
		C503C3921121F02E003A7820 /* right-arrow.png in Resources */ = {isa = PBXBuildFile; fileRef = C503C3901121F02E003A7820 /* right-arrow.png */; };
		C51E5B53112318670093AE96 /* BPSceneListViewController.m in Sources */ = {isa = PBXBuildFile; fileRef = C51E5B52112318670093AE96 /* BPSceneListViewController.m */; };
		C51E5BC0112344BE0093AE96 /* UIImageResizing.m in Sources */ = {isa = PBXBuildFile; fileRef = C51E5BBF112344BE0093AE96 /* UIImageResizing.m */; };
		C51E5C72112595710093AE96 /* TableViewDataWrapper.m in Sources */ = {isa = PBXBuildFile; fileRef = C51E5C70112595710093AE96 /* TableViewDataWrapper.m */; };
		C51E5D6F1125B1C80093AE96 /* toc.png in Resources */ = {isa = PBXBuildFile; fileRef = C51E5D6E1125B1C80093AE96 /* toc.png */; };
		C5243DC9116D6065009D3569 /* iPad-Launch-Image-Portrait.png in Resources */ = {isa = PBXBuildFile; fileRef = C5243DC8116D6065009D3569 /* iPad-Launch-Image-Portrait.png */; };
		C5243DE8116D6301009D3569 /* iPad-Launch-Image-Landscape.png in Resources */ = {isa = PBXBuildFile; fileRef = C5243DE7116D6301009D3569 /* iPad-Launch-Image-Landscape.png */; };
		C5243DEE116D6881009D3569 /* app_icon_white_background_57x57.png in Resources */ = {isa = PBXBuildFile; fileRef = C5243DED116D6881009D3569 /* app_icon_white_background_57x57.png */; };
		C5243E13116D6DDE009D3569 /* app_icon_white_background_72x72.png in Resources */ = {isa = PBXBuildFile; fileRef = C5243E12116D6DDE009D3569 /* app_icon_white_background_72x72.png */; };
		C52B6D060FA60E20000AC6E5 /* NSObject+SBJSON.m in Sources */ = {isa = PBXBuildFile; fileRef = C52B6BF40FA60E1F000AC6E5 /* NSObject+SBJSON.m */; };
		C52B6D070FA60E20000AC6E5 /* NSString+SBJSON.m in Sources */ = {isa = PBXBuildFile; fileRef = C52B6BF50FA60E1F000AC6E5 /* NSString+SBJSON.m */; };
		C52B6D080FA60E20000AC6E5 /* SBJSON.m in Sources */ = {isa = PBXBuildFile; fileRef = C52B6BF60FA60E1F000AC6E5 /* SBJSON.m */; };
		C52B6D090FA60E20000AC6E5 /* BPUtl.m in Sources */ = {isa = PBXBuildFile; fileRef = C52B6BFA0FA60E1F000AC6E5 /* BPUtl.m */; };
		C52B6D0A0FA60E20000AC6E5 /* BPAudioPlayer.m in Sources */ = {isa = PBXBuildFile; fileRef = C52B6BFC0FA60E1F000AC6E5 /* BPAudioPlayer.m */; };
		C52B6D0B0FA60E20000AC6E5 /* BPSceneViewController.m in Sources */ = {isa = PBXBuildFile; fileRef = C52B6BFF0FA60E1F000AC6E5 /* BPSceneViewController.m */; };
		C52B6D0C0FA60E20000AC6E5 /* BPInfoViewController.m in Sources */ = {isa = PBXBuildFile; fileRef = C52B6C010FA60E1F000AC6E5 /* BPInfoViewController.m */; };
		C52B6D0D0FA60E20000AC6E5 /* BPScene.m in Sources */ = {isa = PBXBuildFile; fileRef = C52B6C040FA60E1F000AC6E5 /* BPScene.m */; };
		C52B6D0E0FA60E20000AC6E5 /* BPSceneManager.m in Sources */ = {isa = PBXBuildFile; fileRef = C52B6C060FA60E1F000AC6E5 /* BPSceneManager.m */; };
		C52B6D0F0FA60E20000AC6E5 /* BPSettings.m in Sources */ = {isa = PBXBuildFile; fileRef = C52B6C080FA60E1F000AC6E5 /* BPSettings.m */; };
		C52B6D150FA60E74000AC6E5 /* AnimalFunAppDelegate.m in Sources */ = {isa = PBXBuildFile; fileRef = C52B6D140FA60E74000AC6E5 /* AnimalFunAppDelegate.m */; };
		C52B6D1A0FA60E8C000AC6E5 /* SceneView.xib in Resources */ = {isa = PBXBuildFile; fileRef = C52B6D170FA60E8C000AC6E5 /* SceneView.xib */; };
		C52B6D1B0FA60E8C000AC6E5 /* InfoView.xib in Resources */ = {isa = PBXBuildFile; fileRef = C52B6D180FA60E8C000AC6E5 /* InfoView.xib */; };
		C52B6D200FA60E9C000AC6E5 /* Settings.bundle in Resources */ = {isa = PBXBuildFile; fileRef = C52B6D1F0FA60E9C000AC6E5 /* Settings.bundle */; };
		C52B6D280FA60EAA000AC6E5 /* LICENSE in Resources */ = {isa = PBXBuildFile; fileRef = C52B6D270FA60EAA000AC6E5 /* LICENSE */; };
		C52B6D2A0FA60EEC000AC6E5 /* AVFoundation.framework in Frameworks */ = {isa = PBXBuildFile; fileRef = C52B6D290FA60EEC000AC6E5 /* AVFoundation.framework */; };
		C52B6D2C0FA60EEC000AC6E5 /* AudioToolbox.framework in Frameworks */ = {isa = PBXBuildFile; fileRef = C52B6D2B0FA60EEC000AC6E5 /* AudioToolbox.framework */; };
		C52B6D2E0FA60EEC000AC6E5 /* MediaPlayer.framework in Frameworks */ = {isa = PBXBuildFile; fileRef = C52B6D2D0FA60EEC000AC6E5 /* MediaPlayer.framework */; };
		C52B6E490FA60FCF000AC6E5 /* Data in Resources */ = {isa = PBXBuildFile; fileRef = C52B6D460FA60FCE000AC6E5 /* Data */; };
		C52B6E520FA60FDE000AC6E5 /* www in Resources */ = {isa = PBXBuildFile; fileRef = C52B6E4A0FA60FDE000AC6E5 /* www */; };
		C53723E31125C4A90029D621 /* SceneListView.xib in Resources */ = {isa = PBXBuildFile; fileRef = C53723E21125C4A90029D621 /* SceneListView.xib */; };
		C54A7B331122F276003CE7A0 /* left-arrow-triangle.png in Resources */ = {isa = PBXBuildFile; fileRef = C54A7B321122F276003CE7A0 /* left-arrow-triangle.png */; };
		C54A7B3D1122F44A003CE7A0 /* right-arrow-triangle.png in Resources */ = {isa = PBXBuildFile; fileRef = C54A7B3C1122F44A003CE7A0 /* right-arrow-triangle.png */; };
		C5AEFE67116B6E54008C238F /* MainWindow-iPad.xib in Resources */ = {isa = PBXBuildFile; fileRef = C5AEFE66116B6E54008C238F /* MainWindow-iPad.xib */; };
		C5AEFEA0116B78A9008C238F /* SceneView-iPad.xib in Resources */ = {isa = PBXBuildFile; fileRef = C5AEFE9F116B78A9008C238F /* SceneView-iPad.xib */; };
		C5C0CBDA0FA6111800AC62B2 /* SystemConfiguration.framework in Frameworks */ = {isa = PBXBuildFile; fileRef = C5C0CBD90FA6111800AC62B2 /* SystemConfiguration.framework */; };
		C5DC8B350FA614CD00E45A7F /* README.textile in Resources */ = {isa = PBXBuildFile; fileRef = C5DC8B340FA614CD00E45A7F /* README.textile */; };
		C5DC8B8B0FA6392200E45A7F /* Default.png in Resources */ = {isa = PBXBuildFile; fileRef = C5DC8B8A0FA6392200E45A7F /* Default.png */; };
		C5DC8BAD0FA6472700E45A7F /* app_icon_57x57.png in Resources */ = {isa = PBXBuildFile; fileRef = C5DC8BAC0FA6472700E45A7F /* app_icon_57x57.png */; };
/* End PBXBuildFile section */

/* Begin PBXFileReference section */
		1D30AB110D05D00D00671497 /* Foundation.framework */ = {isa = PBXFileReference; lastKnownFileType = wrapper.framework; name = Foundation.framework; path = System/Library/Frameworks/Foundation.framework; sourceTree = SDKROOT; };
		1D6058910D05DD3D006BFB54 /* AnimalFun.app */ = {isa = PBXFileReference; explicitFileType = wrapper.application; includeInIndex = 0; path = AnimalFun.app; sourceTree = BUILT_PRODUCTS_DIR; };
		1DF5F4DF0D08C38300B7A737 /* UIKit.framework */ = {isa = PBXFileReference; lastKnownFileType = wrapper.framework; name = UIKit.framework; path = System/Library/Frameworks/UIKit.framework; sourceTree = SDKROOT; };
		288765FC0DF74451002DB57D /* CoreGraphics.framework */ = {isa = PBXFileReference; lastKnownFileType = wrapper.framework; name = CoreGraphics.framework; path = System/Library/Frameworks/CoreGraphics.framework; sourceTree = SDKROOT; };
		28AD733E0D9D9553002E5188 /* MainWindow.xib */ = {isa = PBXFileReference; lastKnownFileType = file.xib; path = MainWindow.xib; sourceTree = "<group>"; };
		29B97316FDCFA39411CA2CEA /* main.m */ = {isa = PBXFileReference; fileEncoding = 4; lastKnownFileType = sourcecode.c.objc; path = main.m; sourceTree = "<group>"; };
		32CA4F630368D1EE00C91783 /* AnimalFun_Prefix.pch */ = {isa = PBXFileReference; fileEncoding = 4; lastKnownFileType = sourcecode.c.h; path = AnimalFun_Prefix.pch; sourceTree = "<group>"; };
		8D1107310486CEB800E47090 /* AnimalFun-Info.plist */ = {isa = PBXFileReference; fileEncoding = 4; lastKnownFileType = text.plist.xml; path = "AnimalFun-Info.plist"; plistStructureDefinitionIdentifier = "com.apple.xcode.plist.structure-definition.iphone.info-plist"; sourceTree = "<group>"; };
		C503C38F1121F02E003A7820 /* left-arrow.png */ = {isa = PBXFileReference; lastKnownFileType = image.png; path = "left-arrow.png"; sourceTree = "<group>"; };
		C503C3901121F02E003A7820 /* right-arrow.png */ = {isa = PBXFileReference; lastKnownFileType = image.png; path = "right-arrow.png"; sourceTree = "<group>"; };
		C51E5B51112318670093AE96 /* BPSceneListViewController.h */ = {isa = PBXFileReference; fileEncoding = 4; lastKnownFileType = sourcecode.c.h; path = BPSceneListViewController.h; sourceTree = "<group>"; };
		C51E5B52112318670093AE96 /* BPSceneListViewController.m */ = {isa = PBXFileReference; fileEncoding = 4; lastKnownFileType = sourcecode.c.objc; path = BPSceneListViewController.m; sourceTree = "<group>"; };
		C51E5BBE112344BE0093AE96 /* UIImageResizing.h */ = {isa = PBXFileReference; fileEncoding = 4; lastKnownFileType = sourcecode.c.h; path = UIImageResizing.h; sourceTree = "<group>"; };
		C51E5BBF112344BE0093AE96 /* UIImageResizing.m */ = {isa = PBXFileReference; fileEncoding = 4; lastKnownFileType = sourcecode.c.objc; path = UIImageResizing.m; sourceTree = "<group>"; };
		C51E5C70112595710093AE96 /* TableViewDataWrapper.m */ = {isa = PBXFileReference; fileEncoding = 4; lastKnownFileType = sourcecode.c.objc; path = TableViewDataWrapper.m; sourceTree = "<group>"; };
		C51E5C71112595710093AE96 /* TableViewDataWrapper.h */ = {isa = PBXFileReference; fileEncoding = 4; lastKnownFileType = sourcecode.c.h; path = TableViewDataWrapper.h; sourceTree = "<group>"; };
		C51E5D6E1125B1C80093AE96 /* toc.png */ = {isa = PBXFileReference; lastKnownFileType = image.png; path = toc.png; sourceTree = "<group>"; };
		C5243DC8116D6065009D3569 /* iPad-Launch-Image-Portrait.png */ = {isa = PBXFileReference; lastKnownFileType = image.png; path = "iPad-Launch-Image-Portrait.png"; sourceTree = "<group>"; };
		C5243DE7116D6301009D3569 /* iPad-Launch-Image-Landscape.png */ = {isa = PBXFileReference; lastKnownFileType = image.png; path = "iPad-Launch-Image-Landscape.png"; sourceTree = "<group>"; };
		C5243DED116D6881009D3569 /* app_icon_white_background_57x57.png */ = {isa = PBXFileReference; lastKnownFileType = image.png; path = app_icon_white_background_57x57.png; sourceTree = "<group>"; };
		C5243E12116D6DDE009D3569 /* app_icon_white_background_72x72.png */ = {isa = PBXFileReference; lastKnownFileType = image.png; path = app_icon_white_background_72x72.png; sourceTree = "<group>"; };
		C52B6BF10FA60E1F000AC6E5 /* JSON.h */ = {isa = PBXFileReference; fileEncoding = 4; lastKnownFileType = sourcecode.c.h; path = JSON.h; sourceTree = "<group>"; };
		C52B6BF20FA60E1F000AC6E5 /* SBJSON.h */ = {isa = PBXFileReference; fileEncoding = 4; lastKnownFileType = sourcecode.c.h; path = SBJSON.h; sourceTree = "<group>"; };
		C52B6BF30FA60E1F000AC6E5 /* NSString+SBJSON.h */ = {isa = PBXFileReference; fileEncoding = 4; lastKnownFileType = sourcecode.c.h; path = "NSString+SBJSON.h"; sourceTree = "<group>"; };
		C52B6BF40FA60E1F000AC6E5 /* NSObject+SBJSON.m */ = {isa = PBXFileReference; fileEncoding = 4; lastKnownFileType = sourcecode.c.objc; path = "NSObject+SBJSON.m"; sourceTree = "<group>"; };
		C52B6BF50FA60E1F000AC6E5 /* NSString+SBJSON.m */ = {isa = PBXFileReference; fileEncoding = 4; lastKnownFileType = sourcecode.c.objc; path = "NSString+SBJSON.m"; sourceTree = "<group>"; };
		C52B6BF60FA60E1F000AC6E5 /* SBJSON.m */ = {isa = PBXFileReference; fileEncoding = 4; lastKnownFileType = sourcecode.c.objc; path = SBJSON.m; sourceTree = "<group>"; };
		C52B6BF70FA60E1F000AC6E5 /* NSObject+SBJSON.h */ = {isa = PBXFileReference; fileEncoding = 4; lastKnownFileType = sourcecode.c.h; path = "NSObject+SBJSON.h"; sourceTree = "<group>"; };
		C52B6BF90FA60E1F000AC6E5 /* BPUtl.h */ = {isa = PBXFileReference; fileEncoding = 4; lastKnownFileType = sourcecode.c.h; path = BPUtl.h; sourceTree = "<group>"; };
		C52B6BFA0FA60E1F000AC6E5 /* BPUtl.m */ = {isa = PBXFileReference; fileEncoding = 4; lastKnownFileType = sourcecode.c.objc; path = BPUtl.m; sourceTree = "<group>"; };
		C52B6BFB0FA60E1F000AC6E5 /* BPAudioPlayer.h */ = {isa = PBXFileReference; fileEncoding = 4; lastKnownFileType = sourcecode.c.h; path = BPAudioPlayer.h; sourceTree = "<group>"; };
		C52B6BFC0FA60E1F000AC6E5 /* BPAudioPlayer.m */ = {isa = PBXFileReference; fileEncoding = 4; lastKnownFileType = sourcecode.c.objc; path = BPAudioPlayer.m; sourceTree = "<group>"; };
		C52B6BFE0FA60E1F000AC6E5 /* BPSceneViewController.h */ = {isa = PBXFileReference; fileEncoding = 4; lastKnownFileType = sourcecode.c.h; path = BPSceneViewController.h; sourceTree = "<group>"; };
		C52B6BFF0FA60E1F000AC6E5 /* BPSceneViewController.m */ = {isa = PBXFileReference; fileEncoding = 4; lastKnownFileType = sourcecode.c.objc; path = BPSceneViewController.m; sourceTree = "<group>"; };
		C52B6C000FA60E1F000AC6E5 /* BPInfoViewController.h */ = {isa = PBXFileReference; fileEncoding = 4; lastKnownFileType = sourcecode.c.h; path = BPInfoViewController.h; sourceTree = "<group>"; };
		C52B6C010FA60E1F000AC6E5 /* BPInfoViewController.m */ = {isa = PBXFileReference; fileEncoding = 4; lastKnownFileType = sourcecode.c.objc; path = BPInfoViewController.m; sourceTree = "<group>"; };
		C52B6C030FA60E1F000AC6E5 /* BPScene.h */ = {isa = PBXFileReference; fileEncoding = 4; lastKnownFileType = sourcecode.c.h; path = BPScene.h; sourceTree = "<group>"; };
		C52B6C040FA60E1F000AC6E5 /* BPScene.m */ = {isa = PBXFileReference; fileEncoding = 4; lastKnownFileType = sourcecode.c.objc; path = BPScene.m; sourceTree = "<group>"; };
		C52B6C050FA60E1F000AC6E5 /* BPSceneManager.h */ = {isa = PBXFileReference; fileEncoding = 4; lastKnownFileType = sourcecode.c.h; path = BPSceneManager.h; sourceTree = "<group>"; };
		C52B6C060FA60E1F000AC6E5 /* BPSceneManager.m */ = {isa = PBXFileReference; fileEncoding = 4; lastKnownFileType = sourcecode.c.objc; path = BPSceneManager.m; sourceTree = "<group>"; };
		C52B6C070FA60E1F000AC6E5 /* BPSettings.h */ = {isa = PBXFileReference; fileEncoding = 4; lastKnownFileType = sourcecode.c.h; path = BPSettings.h; sourceTree = "<group>"; };
		C52B6C080FA60E1F000AC6E5 /* BPSettings.m */ = {isa = PBXFileReference; fileEncoding = 4; lastKnownFileType = sourcecode.c.objc; path = BPSettings.m; sourceTree = "<group>"; };
		C52B6D130FA60E74000AC6E5 /* AnimalFunAppDelegate.h */ = {isa = PBXFileReference; fileEncoding = 4; lastKnownFileType = sourcecode.c.h; path = AnimalFunAppDelegate.h; sourceTree = "<group>"; };
		C52B6D140FA60E74000AC6E5 /* AnimalFunAppDelegate.m */ = {isa = PBXFileReference; fileEncoding = 4; lastKnownFileType = sourcecode.c.objc; path = AnimalFunAppDelegate.m; sourceTree = "<group>"; };
		C52B6D170FA60E8C000AC6E5 /* SceneView.xib */ = {isa = PBXFileReference; lastKnownFileType = file.xib; path = SceneView.xib; sourceTree = "<group>"; };
		C52B6D180FA60E8C000AC6E5 /* InfoView.xib */ = {isa = PBXFileReference; lastKnownFileType = file.xib; path = InfoView.xib; sourceTree = "<group>"; };
		C52B6D1F0FA60E9C000AC6E5 /* Settings.bundle */ = {isa = PBXFileReference; lastKnownFileType = "wrapper.plug-in"; path = Settings.bundle; sourceTree = "<group>"; };
		C52B6D270FA60EAA000AC6E5 /* LICENSE */ = {isa = PBXFileReference; fileEncoding = 4; lastKnownFileType = text; path = LICENSE; sourceTree = "<group>"; };
		C52B6D290FA60EEC000AC6E5 /* AVFoundation.framework */ = {isa = PBXFileReference; lastKnownFileType = wrapper.framework; name = AVFoundation.framework; path = System/Library/Frameworks/AVFoundation.framework; sourceTree = SDKROOT; };
		C52B6D2B0FA60EEC000AC6E5 /* AudioToolbox.framework */ = {isa = PBXFileReference; lastKnownFileType = wrapper.framework; name = AudioToolbox.framework; path = System/Library/Frameworks/AudioToolbox.framework; sourceTree = SDKROOT; };
		C52B6D2D0FA60EEC000AC6E5 /* MediaPlayer.framework */ = {isa = PBXFileReference; lastKnownFileType = wrapper.framework; name = MediaPlayer.framework; path = System/Library/Frameworks/MediaPlayer.framework; sourceTree = SDKROOT; };
		C52B6D460FA60FCE000AC6E5 /* Data */ = {isa = PBXFileReference; lastKnownFileType = folder; path = Data; sourceTree = "<group>"; };
		C52B6E4A0FA60FDE000AC6E5 /* www */ = {isa = PBXFileReference; lastKnownFileType = folder; path = www; sourceTree = "<group>"; };
		C53723E21125C4A90029D621 /* SceneListView.xib */ = {isa = PBXFileReference; lastKnownFileType = file.xib; path = SceneListView.xib; sourceTree = "<group>"; };
		C54A7B321122F276003CE7A0 /* left-arrow-triangle.png */ = {isa = PBXFileReference; lastKnownFileType = image.png; path = "left-arrow-triangle.png"; sourceTree = "<group>"; };
		C54A7B3C1122F44A003CE7A0 /* right-arrow-triangle.png */ = {isa = PBXFileReference; lastKnownFileType = image.png; path = "right-arrow-triangle.png"; sourceTree = "<group>"; };
		C5AEFE66116B6E54008C238F /* MainWindow-iPad.xib */ = {isa = PBXFileReference; lastKnownFileType = file.xib; name = "MainWindow-iPad.xib"; path = "Resources-iPad/MainWindow-iPad.xib"; sourceTree = "<group>"; };
		C5AEFE9F116B78A9008C238F /* SceneView-iPad.xib */ = {isa = PBXFileReference; lastKnownFileType = file.xib; path = "SceneView-iPad.xib"; sourceTree = "<group>"; };
		C5C0CBD90FA6111800AC62B2 /* SystemConfiguration.framework */ = {isa = PBXFileReference; lastKnownFileType = wrapper.framework; name = SystemConfiguration.framework; path = System/Library/Frameworks/SystemConfiguration.framework; sourceTree = SDKROOT; };
		C5DC8B340FA614CD00E45A7F /* README.textile */ = {isa = PBXFileReference; fileEncoding = 4; lastKnownFileType = text; path = README.textile; sourceTree = "<group>"; };
		C5DC8B8A0FA6392200E45A7F /* Default.png */ = {isa = PBXFileReference; lastKnownFileType = image.png; path = Default.png; sourceTree = "<group>"; };
		C5DC8BAC0FA6472700E45A7F /* app_icon_57x57.png */ = {isa = PBXFileReference; lastKnownFileType = image.png; path = app_icon_57x57.png; sourceTree = "<group>"; };
/* End PBXFileReference section */

/* Begin PBXFrameworksBuildPhase section */
		1D60588F0D05DD3D006BFB54 /* Frameworks */ = {
			isa = PBXFrameworksBuildPhase;
			buildActionMask = 2147483647;
			files = (
				1D60589F0D05DD5A006BFB54 /* Foundation.framework in Frameworks */,
				1DF5F4E00D08C38300B7A737 /* UIKit.framework in Frameworks */,
				288765FD0DF74451002DB57D /* CoreGraphics.framework in Frameworks */,
				C52B6D2A0FA60EEC000AC6E5 /* AVFoundation.framework in Frameworks */,
				C52B6D2C0FA60EEC000AC6E5 /* AudioToolbox.framework in Frameworks */,
				C52B6D2E0FA60EEC000AC6E5 /* MediaPlayer.framework in Frameworks */,
				C5C0CBDA0FA6111800AC62B2 /* SystemConfiguration.framework in Frameworks */,
			);
			runOnlyForDeploymentPostprocessing = 0;
		};
/* End PBXFrameworksBuildPhase section */

/* Begin PBXGroup section */
		080E96DDFE201D6D7F000001 /* Classes */ = {
			isa = PBXGroup;
			children = (
				C52B6D130FA60E74000AC6E5 /* AnimalFunAppDelegate.h */,
				C52B6D140FA60E74000AC6E5 /* AnimalFunAppDelegate.m */,
			);
			path = Classes;
			sourceTree = "<group>";
		};
		19C28FACFE9D520D11CA2CBB /* Products */ = {
			isa = PBXGroup;
			children = (
				1D6058910D05DD3D006BFB54 /* AnimalFun.app */,
			);
			name = Products;
			sourceTree = "<group>";
		};
		29B97314FDCFA39411CA2CEA /* CustomTemplate */ = {
			isa = PBXGroup;
			children = (
				C5DC8B340FA614CD00E45A7F /* README.textile */,
				C52B6E4A0FA60FDE000AC6E5 /* www */,
				C52B6D460FA60FCE000AC6E5 /* Data */,
				C52B6D270FA60EAA000AC6E5 /* LICENSE */,
				C52B6D1F0FA60E9C000AC6E5 /* Settings.bundle */,
				C52B6C020FA60E1F000AC6E5 /* Models */,
				C52B6BFD0FA60E1F000AC6E5 /* View Controllers */,
				C52B6BF80FA60E1F000AC6E5 /* Utilities */,
				C52B6BF00FA60E1F000AC6E5 /* JSON */,
				080E96DDFE201D6D7F000001 /* Classes */,
				29B97315FDCFA39411CA2CEA /* Other Sources */,
				29B97317FDCFA39411CA2CEA /* Resources */,
				C5AEFE65116B6E53008C238F /* Resources-iPad */,
				29B97323FDCFA39411CA2CEA /* Frameworks */,
				19C28FACFE9D520D11CA2CBB /* Products */,
			);
			name = CustomTemplate;
			sourceTree = "<group>";
		};
		29B97315FDCFA39411CA2CEA /* Other Sources */ = {
			isa = PBXGroup;
			children = (
				32CA4F630368D1EE00C91783 /* AnimalFun_Prefix.pch */,
				29B97316FDCFA39411CA2CEA /* main.m */,
			);
			name = "Other Sources";
			sourceTree = "<group>";
		};
		29B97317FDCFA39411CA2CEA /* Resources */ = {
			isa = PBXGroup;
			children = (
				C5243E12116D6DDE009D3569 /* app_icon_white_background_72x72.png */,
				C5243DED116D6881009D3569 /* app_icon_white_background_57x57.png */,
				C5243DE7116D6301009D3569 /* iPad-Launch-Image-Landscape.png */,
				C5243DC8116D6065009D3569 /* iPad-Launch-Image-Portrait.png */,
				C51E5D6E1125B1C80093AE96 /* toc.png */,
				C54A7B3C1122F44A003CE7A0 /* right-arrow-triangle.png */,
				C54A7B321122F276003CE7A0 /* left-arrow-triangle.png */,
				C503C38F1121F02E003A7820 /* left-arrow.png */,
				C503C3901121F02E003A7820 /* right-arrow.png */,
				C5DC8BAC0FA6472700E45A7F /* app_icon_57x57.png */,
				C52B6D170FA60E8C000AC6E5 /* SceneView.xib */,
				C52B6D180FA60E8C000AC6E5 /* InfoView.xib */,
				28AD733E0D9D9553002E5188 /* MainWindow.xib */,
				8D1107310486CEB800E47090 /* AnimalFun-Info.plist */,
				C5DC8B8A0FA6392200E45A7F /* Default.png */,
				C53723E21125C4A90029D621 /* SceneListView.xib */,
			);
			name = Resources;
			sourceTree = "<group>";
		};
		29B97323FDCFA39411CA2CEA /* Frameworks */ = {
			isa = PBXGroup;
			children = (
				C52B6D2D0FA60EEC000AC6E5 /* MediaPlayer.framework */,
				C52B6D2B0FA60EEC000AC6E5 /* AudioToolbox.framework */,
				C52B6D290FA60EEC000AC6E5 /* AVFoundation.framework */,
				C5C0CBD90FA6111800AC62B2 /* SystemConfiguration.framework */,
				1DF5F4DF0D08C38300B7A737 /* UIKit.framework */,
				1D30AB110D05D00D00671497 /* Foundation.framework */,
				288765FC0DF74451002DB57D /* CoreGraphics.framework */,
			);
			name = Frameworks;
			sourceTree = "<group>";
		};
		C52B6BF00FA60E1F000AC6E5 /* JSON */ = {
			isa = PBXGroup;
			children = (
				C52B6BF10FA60E1F000AC6E5 /* JSON.h */,
				C52B6BF20FA60E1F000AC6E5 /* SBJSON.h */,
				C52B6BF30FA60E1F000AC6E5 /* NSString+SBJSON.h */,
				C52B6BF40FA60E1F000AC6E5 /* NSObject+SBJSON.m */,
				C52B6BF50FA60E1F000AC6E5 /* NSString+SBJSON.m */,
				C52B6BF60FA60E1F000AC6E5 /* SBJSON.m */,
				C52B6BF70FA60E1F000AC6E5 /* NSObject+SBJSON.h */,
			);
			name = JSON;
			sourceTree = "<group>";
		};
		C52B6BF80FA60E1F000AC6E5 /* Utilities */ = {
			isa = PBXGroup;
			children = (
				C52B6BF90FA60E1F000AC6E5 /* BPUtl.h */,
				C52B6BFA0FA60E1F000AC6E5 /* BPUtl.m */,
				C52B6BFB0FA60E1F000AC6E5 /* BPAudioPlayer.h */,
				C52B6BFC0FA60E1F000AC6E5 /* BPAudioPlayer.m */,
				C51E5BBE112344BE0093AE96 /* UIImageResizing.h */,
				C51E5BBF112344BE0093AE96 /* UIImageResizing.m */,
			);
			name = Utilities;
			sourceTree = "<group>";
		};
		C52B6BFD0FA60E1F000AC6E5 /* View Controllers */ = {
			isa = PBXGroup;
			children = (
				C52B6BFE0FA60E1F000AC6E5 /* BPSceneViewController.h */,
				C52B6BFF0FA60E1F000AC6E5 /* BPSceneViewController.m */,
				C52B6C000FA60E1F000AC6E5 /* BPInfoViewController.h */,
				C52B6C010FA60E1F000AC6E5 /* BPInfoViewController.m */,
				C51E5B51112318670093AE96 /* BPSceneListViewController.h */,
				C51E5B52112318670093AE96 /* BPSceneListViewController.m */,
			);
			name = "View Controllers";
			sourceTree = "<group>";
		};
		C52B6C020FA60E1F000AC6E5 /* Models */ = {
			isa = PBXGroup;
			children = (
				C51E5C70112595710093AE96 /* TableViewDataWrapper.m */,
				C51E5C71112595710093AE96 /* TableViewDataWrapper.h */,
				C52B6C030FA60E1F000AC6E5 /* BPScene.h */,
				C52B6C040FA60E1F000AC6E5 /* BPScene.m */,
				C52B6C050FA60E1F000AC6E5 /* BPSceneManager.h */,
				C52B6C060FA60E1F000AC6E5 /* BPSceneManager.m */,
				C52B6C070FA60E1F000AC6E5 /* BPSettings.h */,
				C52B6C080FA60E1F000AC6E5 /* BPSettings.m */,
			);
			name = Models;
			sourceTree = "<group>";
		};
		C5AEFE65116B6E53008C238F /* Resources-iPad */ = {
			isa = PBXGroup;
			children = (
				C5AEFE66116B6E54008C238F /* MainWindow-iPad.xib */,
				C5AEFE9F116B78A9008C238F /* SceneView-iPad.xib */,
			);
			name = "Resources-iPad";
			sourceTree = "<group>";
		};
/* End PBXGroup section */

/* Begin PBXNativeTarget section */
		1D6058900D05DD3D006BFB54 /* AnimalFun */ = {
			isa = PBXNativeTarget;
			buildConfigurationList = 1D6058960D05DD3E006BFB54 /* Build configuration list for PBXNativeTarget "AnimalFun" */;
			buildPhases = (
				1D60588D0D05DD3D006BFB54 /* Resources */,
				1D60588E0D05DD3D006BFB54 /* Sources */,
				1D60588F0D05DD3D006BFB54 /* Frameworks */,
			);
			buildRules = (
			);
			dependencies = (
			);
			name = AnimalFun;
			productName = AnimalFun;
			productReference = 1D6058910D05DD3D006BFB54 /* AnimalFun.app */;
			productType = "com.apple.product-type.application";
		};
/* End PBXNativeTarget section */

/* Begin PBXProject section */
		29B97313FDCFA39411CA2CEA /* Project object */ = {
			isa = PBXProject;
			buildConfigurationList = C01FCF4E08A954540054247B /* Build configuration list for PBXProject "AnimalFun" */;
			compatibilityVersion = "Xcode 3.1";
			hasScannedForEncodings = 1;
			mainGroup = 29B97314FDCFA39411CA2CEA /* CustomTemplate */;
			projectDirPath = "";
			projectRoot = "";
			targets = (
				1D6058900D05DD3D006BFB54 /* AnimalFun */,
			);
		};
/* End PBXProject section */

/* Begin PBXResourcesBuildPhase section */
		1D60588D0D05DD3D006BFB54 /* Resources */ = {
			isa = PBXResourcesBuildPhase;
			buildActionMask = 2147483647;
			files = (
				28AD733F0D9D9553002E5188 /* MainWindow.xib in Resources */,
				C52B6D1A0FA60E8C000AC6E5 /* SceneView.xib in Resources */,
				C52B6D1B0FA60E8C000AC6E5 /* InfoView.xib in Resources */,
				C52B6D200FA60E9C000AC6E5 /* Settings.bundle in Resources */,
				C52B6D280FA60EAA000AC6E5 /* LICENSE in Resources */,
				C52B6E490FA60FCF000AC6E5 /* Data in Resources */,
				C52B6E520FA60FDE000AC6E5 /* www in Resources */,
				C5DC8B350FA614CD00E45A7F /* README.textile in Resources */,
				C5DC8B8B0FA6392200E45A7F /* Default.png in Resources */,
				C5DC8BAD0FA6472700E45A7F /* app_icon_57x57.png in Resources */,
				C503C3911121F02E003A7820 /* left-arrow.png in Resources */,
				C503C3921121F02E003A7820 /* right-arrow.png in Resources */,
				C54A7B331122F276003CE7A0 /* left-arrow-triangle.png in Resources */,
				C54A7B3D1122F44A003CE7A0 /* right-arrow-triangle.png in Resources */,
				C51E5D6F1125B1C80093AE96 /* toc.png in Resources */,
				C53723E31125C4A90029D621 /* SceneListView.xib in Resources */,
				C5AEFE67116B6E54008C238F /* MainWindow-iPad.xib in Resources */,
				C5AEFEA0116B78A9008C238F /* SceneView-iPad.xib in Resources */,
				C5243DC9116D6065009D3569 /* iPad-Launch-Image-Portrait.png in Resources */,
				C5243DE8116D6301009D3569 /* iPad-Launch-Image-Landscape.png in Resources */,
				C5243DEE116D6881009D3569 /* app_icon_white_background_57x57.png in Resources */,
				C5243E13116D6DDE009D3569 /* app_icon_white_background_72x72.png in Resources */,
			);
			runOnlyForDeploymentPostprocessing = 0;
		};
/* End PBXResourcesBuildPhase section */

/* Begin PBXSourcesBuildPhase section */
		1D60588E0D05DD3D006BFB54 /* Sources */ = {
			isa = PBXSourcesBuildPhase;
			buildActionMask = 2147483647;
			files = (
				1D60589B0D05DD56006BFB54 /* main.m in Sources */,
				C52B6D060FA60E20000AC6E5 /* NSObject+SBJSON.m in Sources */,
				C52B6D070FA60E20000AC6E5 /* NSString+SBJSON.m in Sources */,
				C52B6D080FA60E20000AC6E5 /* SBJSON.m in Sources */,
				C52B6D090FA60E20000AC6E5 /* BPUtl.m in Sources */,
				C52B6D0A0FA60E20000AC6E5 /* BPAudioPlayer.m in Sources */,
				C52B6D0B0FA60E20000AC6E5 /* BPSceneViewController.m in Sources */,
				C52B6D0C0FA60E20000AC6E5 /* BPInfoViewController.m in Sources */,
				C52B6D0D0FA60E20000AC6E5 /* BPScene.m in Sources */,
				C52B6D0E0FA60E20000AC6E5 /* BPSceneManager.m in Sources */,
				C52B6D0F0FA60E20000AC6E5 /* BPSettings.m in Sources */,
				C52B6D150FA60E74000AC6E5 /* AnimalFunAppDelegate.m in Sources */,
				C51E5B53112318670093AE96 /* BPSceneListViewController.m in Sources */,
				C51E5BC0112344BE0093AE96 /* UIImageResizing.m in Sources */,
				C51E5C72112595710093AE96 /* TableViewDataWrapper.m in Sources */,
			);
			runOnlyForDeploymentPostprocessing = 0;
		};
/* End PBXSourcesBuildPhase section */

/* Begin XCBuildConfiguration section */
		1D6058940D05DD3E006BFB54 /* Debug */ = {
			isa = XCBuildConfiguration;
			buildSettings = {
				ALWAYS_SEARCH_USER_PATHS = NO;
				ARCHS = "$(ARCHS_UNIVERSAL_IPHONE_OS)";
				"CODE_SIGN_IDENTITY[sdk=iphoneos*]" = "iPhone Developer";
				COPY_PHASE_STRIP = NO;
				GCC_DYNAMIC_NO_PIC = NO;
				GCC_OPTIMIZATION_LEVEL = 0;
				GCC_PRECOMPILE_PREFIX_HEADER = YES;
				GCC_PREFIX_HEADER = AnimalFun_Prefix.pch;
				INFOPLIST_FILE = "AnimalFun-Info.plist";
				IPHONEOS_DEPLOYMENT_TARGET = 3.1.3;
				PRODUCT_NAME = AnimalFun;
				"PROVISIONING_PROFILE[sdk=iphoneos*]" = "";
				SDKROOT = iphoneos3.2;
				TARGETED_DEVICE_FAMILY = "1,2";
			};
			name = Debug;
		};
		1D6058950D05DD3E006BFB54 /* Release */ = {
			isa = XCBuildConfiguration;
			buildSettings = {
				ALWAYS_SEARCH_USER_PATHS = NO;
				ARCHS = "$(ARCHS_UNIVERSAL_IPHONE_OS)";
				"CODE_SIGN_IDENTITY[sdk=iphoneos*]" = "iPhone Developer";
				COPY_PHASE_STRIP = YES;
				GCC_PRECOMPILE_PREFIX_HEADER = YES;
				GCC_PREFIX_HEADER = AnimalFun_Prefix.pch;
				INFOPLIST_FILE = "AnimalFun-Info.plist";
				IPHONEOS_DEPLOYMENT_TARGET = 3.1.3;
				PRODUCT_NAME = AnimalFun;
				"PROVISIONING_PROFILE[sdk=iphoneos*]" = "";
				SDKROOT = iphoneos3.2;
				TARGETED_DEVICE_FAMILY = "1,2";
			};
			name = Release;
		};
		C01FCF4F08A954540054247B /* Debug */ = {
			isa = XCBuildConfiguration;
			buildSettings = {
				ARCHS = "$(ARCHS_STANDARD_32_BIT)";
				"CODE_SIGN_IDENTITY[sdk=iphoneos*]" = "iPhone Distribution";
				GCC_C_LANGUAGE_STANDARD = c99;
				GCC_WARN_ABOUT_RETURN_TYPE = YES;
				GCC_WARN_UNUSED_VARIABLE = YES;
				ONLY_ACTIVE_ARCH = YES;
				PREBINDING = NO;
				"PROVISIONING_PROFILE[sdk=iphoneos*]" = "";
				SDKROOT = iphoneos2.2;
			};
			name = Debug;
		};
		C01FCF5008A954540054247B /* Release */ = {
			isa = XCBuildConfiguration;
			buildSettings = {
				ARCHS = "$(ARCHS_STANDARD_32_BIT)";
				"CODE_SIGN_IDENTITY[sdk=iphoneos*]" = "iPhone Distribution";
				GCC_C_LANGUAGE_STANDARD = c99;
				GCC_WARN_ABOUT_RETURN_TYPE = YES;
				GCC_WARN_UNUSED_VARIABLE = YES;
				PREBINDING = NO;
				"PROVISIONING_PROFILE[sdk=iphoneos*]" = "";
				SDKROOT = iphoneos2.2;
			};
			name = Release;
		};
		C52E16751125FF5B0055B311 /* Distribution */ = {
			isa = XCBuildConfiguration;
			buildSettings = {
				ARCHS = "$(ARCHS_STANDARD_32_BIT)";
				"CODE_SIGN_IDENTITY[sdk=iphoneos*]" = "iPhone Distribution";
				GCC_C_LANGUAGE_STANDARD = c99;
				GCC_WARN_ABOUT_RETURN_TYPE = YES;
				GCC_WARN_UNUSED_VARIABLE = YES;
				PREBINDING = NO;
				"PROVISIONING_PROFILE[sdk=iphoneos*]" = "";
				SDKROOT = iphoneos2.2;
			};
			name = Distribution;
		};
		C52E16761125FF5B0055B311 /* Distribution */ = {
			isa = XCBuildConfiguration;
			buildSettings = {
				ALWAYS_SEARCH_USER_PATHS = NO;
				ARCHS = "$(ARCHS_UNIVERSAL_IPHONE_OS)";
				"CODE_SIGN_IDENTITY[sdk=iphoneos*]" = "iPhone Distribution: Brian Pfeil";
				COPY_PHASE_STRIP = YES;
				GCC_PRECOMPILE_PREFIX_HEADER = YES;
				GCC_PREFIX_HEADER = AnimalFun_Prefix.pch;
				INFOPLIST_FILE = "AnimalFun-Info.plist";
				IPHONEOS_DEPLOYMENT_TARGET = 3.1.3;
				PRODUCT_NAME = AnimalFun;
				"PROVISIONING_PROFILE[sdk=iphoneos*]" = "5D702086-A821-45A8-9B25-9AFDE20FFDF2";
				SDKROOT = iphoneos3.2;
				TARGETED_DEVICE_FAMILY = "1,2";
			};
			name = Distribution;
		};
/* End XCBuildConfiguration section */

/* Begin XCConfigurationList section */
		1D6058960D05DD3E006BFB54 /* Build configuration list for PBXNativeTarget "AnimalFun" */ = {
			isa = XCConfigurationList;
			buildConfigurations = (
				1D6058940D05DD3E006BFB54 /* Debug */,
				1D6058950D05DD3E006BFB54 /* Release */,
				C52E16761125FF5B0055B311 /* Distribution */,
			);
			defaultConfigurationIsVisible = 0;
			defaultConfigurationName = Release;
		};
		C01FCF4E08A954540054247B /* Build configuration list for PBXProject "AnimalFun" */ = {
			isa = XCConfigurationList;
			buildConfigurations = (
				C01FCF4F08A954540054247B /* Debug */,
				C01FCF5008A954540054247B /* Release */,
				C52E16751125FF5B0055B311 /* Distribution */,
			);
			defaultConfigurationIsVisible = 0;
			defaultConfigurationName = Release;
		};
/* End XCConfigurationList section */
	};
	rootObject = 29B97313FDCFA39411CA2CEA /* Project object */;
}
